
Microsoft Visual Studio Solution File, Format Version 12.00
# Visual Studio Version 17
VisualStudioVersion = 17.5.33530.505
MinimumVisualStudioVersion = 10.0.40219.1
Project("{9A19103F-16F7-4668-BE54-9A1E7A4F7556}") = "HotBug", "HotBug.csproj", "{D319FD01-2E49-45A7-88D2-F6BF54B2B4EA}"
EndProject
Global
	GlobalSection(SolutionConfigurationPlatforms) = preSolution
		Debug|Any CPU = Debug|Any CPU
		Release|Any CPU = Release|Any CPU
	EndGlobalSection
	GlobalSection(ProjectConfigurationPlatforms) = postSolution
		{D319FD01-2E49-45A7-88D2-F6BF54B2B4EA}.Debug|Any CPU.ActiveCfg = Debug|Any CPU
		{D319FD01-2E49-45A7-88D2-F6BF54B2B4EA}.Debug|Any CPU.Build.0 = Debug|Any CPU
		{D319FD01-2E49-45A7-88D2-F6BF54B2B4EA}.Release|Any CPU.ActiveCfg = Release|Any CPU
		{D319FD01-2E49-45A7-88D2-F6BF54B2B4EA}.Release|Any CPU.Build.0 = Release|Any CPU
	EndGlobalSection
	GlobalSection(SolutionProperties) = preSolution
		HideSolutionNode = FALSE
	EndGlobalSection
	GlobalSection(ExtensibilityGlobals) = postSolution
		SolutionGuid = {A80A18E8-A7C0-4B44-B63A-15455FA722D3}
	EndGlobalSection
EndGlobal
